// !$*UTF8*$!
{
	archiveVersion = 1;
	classes = {
	};
	objectVersion = 46;
	objects = {

/* Begin PBXBuildFile section */
		4503C2041DF6283C000EC158 /* AppDelegate.swift in Sources */ = {isa = PBXBuildFile; fileRef = 4503C2031DF6283C000EC158 /* AppDelegate.swift */; };
		4503C2061DF6283C000EC158 /* ViewController.swift in Sources */ = {isa = PBXBuildFile; fileRef = 4503C2051DF6283C000EC158 /* ViewController.swift */; };
		4503C2091DF6283C000EC158 /* Main.storyboard in Resources */ = {isa = PBXBuildFile; fileRef = 4503C2071DF6283C000EC158 /* Main.storyboard */; };
		4503C20B1DF6283C000EC158 /* Assets.xcassets in Resources */ = {isa = PBXBuildFile; fileRef = 4503C20A1DF6283C000EC158 /* Assets.xcassets */; };
		4503C20E1DF6283C000EC158 /* LaunchScreen.storyboard in Resources */ = {isa = PBXBuildFile; fileRef = 4503C20C1DF6283C000EC158 /* LaunchScreen.storyboard */; };
		4503C2161DF639BB000EC158 /* SecretKeys.swift in Sources */ = {isa = PBXBuildFile; fileRef = 4503C2151DF639BB000EC158 /* SecretKeys.swift */; };
		B53A8AAA56BAC595F5C483EF /* Pods_Caseface.framework in Frameworks */ = {isa = PBXBuildFile; fileRef = 86D6D8209C32A7A506A37D32 /* Pods_Caseface.framework */; };
/* End PBXBuildFile section */

/* Begin PBXFileReference section */
		4503C2001DF6283C000EC158 /* Caseface.app */ = {isa = PBXFileReference; explicitFileType = wrapper.application; includeInIndex = 0; path = Caseface.app; sourceTree = BUILT_PRODUCTS_DIR; };
		4503C2031DF6283C000EC158 /* AppDelegate.swift */ = {isa = PBXFileReference; lastKnownFileType = sourcecode.swift; path = AppDelegate.swift; sourceTree = "<group>"; };
		4503C2051DF6283C000EC158 /* ViewController.swift */ = {isa = PBXFileReference; lastKnownFileType = sourcecode.swift; path = ViewController.swift; sourceTree = "<group>"; };
		4503C2081DF6283C000EC158 /* Base */ = {isa = PBXFileReference; lastKnownFileType = file.storyboard; name = Base; path = Base.lproj/Main.storyboard; sourceTree = "<group>"; };
		4503C20A1DF6283C000EC158 /* Assets.xcassets */ = {isa = PBXFileReference; lastKnownFileType = folder.assetcatalog; path = Assets.xcassets; sourceTree = "<group>"; };
		4503C20D1DF6283C000EC158 /* Base */ = {isa = PBXFileReference; lastKnownFileType = file.storyboard; name = Base; path = Base.lproj/LaunchScreen.storyboard; sourceTree = "<group>"; };
		4503C20F1DF6283C000EC158 /* Info.plist */ = {isa = PBXFileReference; lastKnownFileType = text.plist.xml; path = Info.plist; sourceTree = "<group>"; };
		4503C2151DF639BB000EC158 /* SecretKeys.swift */ = {isa = PBXFileReference; fileEncoding = 4; lastKnownFileType = sourcecode.swift; path = SecretKeys.swift; sourceTree = "<group>"; };
		86D6D8209C32A7A506A37D32 /* Pods_Caseface.framework */ = {isa = PBXFileReference; explicitFileType = wrapper.framework; includeInIndex = 0; path = Pods_Caseface.framework; sourceTree = BUILT_PRODUCTS_DIR; };
		8DD69E75DF8CBF17E188E138 /* Pods-Caseface.debug.xcconfig */ = {isa = PBXFileReference; includeInIndex = 1; lastKnownFileType = text.xcconfig; name = "Pods-Caseface.debug.xcconfig"; path = "Pods/Target Support Files/Pods-Caseface/Pods-Caseface.debug.xcconfig"; sourceTree = "<group>"; };
		C51AC816E1DD890247A382C8 /* Pods-Caseface.release.xcconfig */ = {isa = PBXFileReference; includeInIndex = 1; lastKnownFileType = text.xcconfig; name = "Pods-Caseface.release.xcconfig"; path = "Pods/Target Support Files/Pods-Caseface/Pods-Caseface.release.xcconfig"; sourceTree = "<group>"; };
/* End PBXFileReference section */

/* Begin PBXFrameworksBuildPhase section */
		4503C1FD1DF6283B000EC158 /* Frameworks */ = {
			isa = PBXFrameworksBuildPhase;
			buildActionMask = 2147483647;
			files = (
				B53A8AAA56BAC595F5C483EF /* Pods_Caseface.framework in Frameworks */,
			);
			runOnlyForDeploymentPostprocessing = 0;
		};
/* End PBXFrameworksBuildPhase section */

/* Begin PBXGroup section */
		4503C1F71DF6283B000EC158 = {
			isa = PBXGroup;
			children = (
				4503C2021DF6283C000EC158 /* Caseface */,
				4503C2011DF6283C000EC158 /* Products */,
				698B3730055AAA1CDB91DA12 /* Pods */,
				8501D13DE4E10B4B7A2A7582 /* Frameworks */,
			);
			sourceTree = "<group>";
		};
		4503C2011DF6283C000EC158 /* Products */ = {
			isa = PBXGroup;
			children = (
				4503C2001DF6283C000EC158 /* Caseface.app */,
			);
			name = Products;
			sourceTree = "<group>";
		};
		4503C2021DF6283C000EC158 /* Caseface */ = {
			isa = PBXGroup;
			children = (
				4503C2031DF6283C000EC158 /* AppDelegate.swift */,
				4503C2151DF639BB000EC158 /* SecretKeys.swift */,
				4503C2051DF6283C000EC158 /* ViewController.swift */,
				4503C2071DF6283C000EC158 /* Main.storyboard */,
				4503C20A1DF6283C000EC158 /* Assets.xcassets */,
				4503C20C1DF6283C000EC158 /* LaunchScreen.storyboard */,
				4503C20F1DF6283C000EC158 /* Info.plist */,
			);
			path = Caseface;
			sourceTree = "<group>";
		};
		698B3730055AAA1CDB91DA12 /* Pods */ = {
			isa = PBXGroup;
			children = (
				8DD69E75DF8CBF17E188E138 /* Pods-Caseface.debug.xcconfig */,
				C51AC816E1DD890247A382C8 /* Pods-Caseface.release.xcconfig */,
			);
			name = Pods;
			sourceTree = "<group>";
		};
		8501D13DE4E10B4B7A2A7582 /* Frameworks */ = {
			isa = PBXGroup;
			children = (
				86D6D8209C32A7A506A37D32 /* Pods_Caseface.framework */,
			);
			name = Frameworks;
			sourceTree = "<group>";
		};
/* End PBXGroup section */

/* Begin PBXNativeTarget section */
		4503C1FF1DF6283B000EC158 /* Caseface */ = {
			isa = PBXNativeTarget;
			buildConfigurationList = 4503C2121DF6283C000EC158 /* Build configuration list for PBXNativeTarget "Caseface" */;
			buildPhases = (
				A069214DABCEC3D1794B843F /* [CP] Check Pods Manifest.lock */,
				4503C1FC1DF6283B000EC158 /* Sources */,
				4503C1FD1DF6283B000EC158 /* Frameworks */,
				4503C1FE1DF6283B000EC158 /* Resources */,
				36A375AF7BDAA50D00D16650 /* [CP] Embed Pods Frameworks */,
				5D5AFB4CB6BCD797D53ACB4D /* [CP] Copy Pods Resources */,
			);
			buildRules = (
			);
			dependencies = (
			);
			name = Caseface;
			productName = Caseface;
			productReference = 4503C2001DF6283C000EC158 /* Caseface.app */;
			productType = "com.apple.product-type.application";
		};
/* End PBXNativeTarget section */

/* Begin PBXProject section */
		4503C1F81DF6283B000EC158 /* Project object */ = {
			isa = PBXProject;
			attributes = {
				LastSwiftUpdateCheck = 0810;
				LastUpgradeCheck = 0810;
				ORGANIZATIONNAME = "The Scarpa Group";
				TargetAttributes = {
					4503C1FF1DF6283B000EC158 = {
						CreatedOnToolsVersion = 8.1;
						DevelopmentTeam = 98E8SVTQ29;
						ProvisioningStyle = Automatic;
					};
				};
			};
			buildConfigurationList = 4503C1FB1DF6283B000EC158 /* Build configuration list for PBXProject "Caseface" */;
			compatibilityVersion = "Xcode 3.2";
			developmentRegion = English;
			hasScannedForEncodings = 0;
			knownRegions = (
				en,
				Base,
			);
			mainGroup = 4503C1F71DF6283B000EC158;
			productRefGroup = 4503C2011DF6283C000EC158 /* Products */;
			projectDirPath = "";
			projectRoot = "";
			targets = (
				4503C1FF1DF6283B000EC158 /* Caseface */,
			);
		};
/* End PBXProject section */

/* Begin PBXResourcesBuildPhase section */
		4503C1FE1DF6283B000EC158 /* Resources */ = {
			isa = PBXResourcesBuildPhase;
			buildActionMask = 2147483647;
			files = (
				4503C20E1DF6283C000EC158 /* LaunchScreen.storyboard in Resources */,
				4503C20B1DF6283C000EC158 /* Assets.xcassets in Resources */,
				4503C2091DF6283C000EC158 /* Main.storyboard in Resources */,
			);
			runOnlyForDeploymentPostprocessing = 0;
		};
/* End PBXResourcesBuildPhase section */

/* Begin PBXShellScriptBuildPhase section */
		36A375AF7BDAA50D00D16650 /* [CP] Embed Pods Frameworks */ = {
			isa = PBXShellScriptBuildPhase;
			buildActionMask = 2147483647;
			files = (
			);
			inputPaths = (
			);
			name = "[CP] Embed Pods Frameworks";
			outputPaths = (
			);
			runOnlyForDeploymentPostprocessing = 0;
			shellPath = /bin/sh;
			shellScript = "\"${SRCROOT}/Pods/Target Support Files/Pods-Caseface/Pods-Caseface-frameworks.sh\"\n";
			showEnvVarsInLog = 0;
		};
		5D5AFB4CB6BCD797D53ACB4D /* [CP] Copy Pods Resources */ = {
			isa = PBXShellScriptBuildPhase;
			buildActionMask = 2147483647;
			files = (
			);
			inputPaths = (
			);
			name = "[CP] Copy Pods Resources";
			outputPaths = (
			);
			runOnlyForDeploymentPostprocessing = 0;
			shellPath = /bin/sh;
			shellScript = "\"${SRCROOT}/Pods/Target Support Files/Pods-Caseface/Pods-Caseface-resources.sh\"\n";
			showEnvVarsInLog = 0;
		};
		A069214DABCEC3D1794B843F /* [CP] Check Pods Manifest.lock */ = {
			isa = PBXShellScriptBuildPhase;
			buildActionMask = 2147483647;
			files = (
			);
			inputPaths = (
			);
			name = "[CP] Check Pods Manifest.lock";
			outputPaths = (
			);
			runOnlyForDeploymentPostprocessing = 0;
			shellPath = /bin/sh;
			shellScript = "diff \"${PODS_ROOT}/../Podfile.lock\" \"${PODS_ROOT}/Manifest.lock\" > /dev/null\nif [[ $? != 0 ]] ; then\n    cat << EOM\nerror: The sandbox is not in sync with the Podfile.lock. Run 'pod install' or update your CocoaPods installation.\nEOM\n    exit 1\nfi\n";
			showEnvVarsInLog = 0;
		};
/* End PBXShellScriptBuildPhase section */

/* Begin PBXSourcesBuildPhase section */
		4503C1FC1DF6283B000EC158 /* Sources */ = {
			isa = PBXSourcesBuildPhase;
			buildActionMask = 2147483647;
			files = (
				4503C2061DF6283C000EC158 /* ViewController.swift in Sources */,
				4503C2041DF6283C000EC158 /* AppDelegate.swift in Sources */,
				4503C2161DF639BB000EC158 /* SecretKeys.swift in Sources */,
			);
			runOnlyForDeploymentPostprocessing = 0;
		};
/* End PBXSourcesBuildPhase section */

/* Begin PBXVariantGroup section */
		4503C2071DF6283C000EC158 /* Main.storyboard */ = {
			isa = PBXVariantGroup;
			children = (
				4503C2081DF6283C000EC158 /* Base */,
			);
			name = Main.storyboard;
			sourceTree = "<group>";
		};
		4503C20C1DF6283C000EC158 /* LaunchScreen.storyboard */ = {
			isa = PBXVariantGroup;
			children = (
				4503C20D1DF6283C000EC158 /* Base */,
			);
			name = LaunchScreen.storyboard;
			sourceTree = "<group>";
		};
/* End PBXVariantGroup section */

/* Begin XCBuildConfiguration section */
		4503C2101DF6283C000EC158 /* Debug */ = {
			isa = XCBuildConfiguration;
			buildSettings = {
				ALWAYS_SEARCH_USER_PATHS = NO;
				CLANG_ANALYZER_NONNULL = YES;
				CLANG_CXX_LANGUAGE_STANDARD = "gnu++0x";
				CLANG_CXX_LIBRARY = "libc++";
				CLANG_ENABLE_MODULES = YES;
				CLANG_ENABLE_OBJC_ARC = YES;
				CLANG_WARN_BOOL_CONVERSION = YES;
				CLANG_WARN_CONSTANT_CONVERSION = YES;
				CLANG_WARN_DIRECT_OBJC_ISA_USAGE = YES_ERROR;
				CLANG_WARN_DOCUMENTATION_COMMENTS = YES;
				CLANG_WARN_EMPTY_BODY = YES;
				CLANG_WARN_ENUM_CONVERSION = YES;
				CLANG_WARN_INFINITE_RECURSION = YES;
				CLANG_WARN_INT_CONVERSION = YES;
				CLANG_WARN_OBJC_ROOT_CLASS = YES_ERROR;
				CLANG_WARN_SUSPICIOUS_MOVES = YES;
				CLANG_WARN_UNREACHABLE_CODE = YES;
				CLANG_WARN__DUPLICATE_METHOD_MATCH = YES;
				"CODE_SIGN_IDENTITY[sdk=iphoneos*]" = "iPhone Developer";
				COPY_PHASE_STRIP = NO;
				DEBUG_INFORMATION_FORMAT = dwarf;
				ENABLE_STRICT_OBJC_MSGSEND = YES;
				ENABLE_TESTABILITY = YES;
				GCC_C_LANGUAGE_STANDARD = gnu99;
				GCC_DYNAMIC_NO_PIC = NO;
				GCC_NO_COMMON_BLOCKS = YES;
				GCC_OPTIMIZATION_LEVEL = 0;
				GCC_PREPROCESSOR_DEFINITIONS = (
					"DEBUG=1",
					"$(inherited)",
				);
				GCC_WARN_64_TO_32_BIT_CONVERSION = YES;
				GCC_WARN_ABOUT_RETURN_TYPE = YES_ERROR;
				GCC_WARN_UNDECLARED_SELECTOR = YES;
				GCC_WARN_UNINITIALIZED_AUTOS = YES_AGGRESSIVE;
				GCC_WARN_UNUSED_FUNCTION = YES;
				GCC_WARN_UNUSED_VARIABLE = YES;
				IPHONEOS_DEPLOYMENT_TARGET = 10.1;
				MTL_ENABLE_DEBUG_INFO = YES;
				ONLY_ACTIVE_ARCH = YES;
				SDKROOT = iphoneos;
				SWIFT_ACTIVE_COMPILATION_CONDITIONS = DEBUG;
				SWIFT_OPTIMIZATION_LEVEL = "-Onone";
			};
			name = Debug;
		};
		4503C2111DF6283C000EC158 /* Release */ = {
			isa = XCBuildConfiguration;
			buildSettings = {
				ALWAYS_SEARCH_USER_PATHS = NO;
				CLANG_ANALYZER_NONNULL = YES;
				CLANG_CXX_LANGUAGE_STANDARD = "gnu++0x";
				CLANG_CXX_LIBRARY = "libc++";
				CLANG_ENABLE_MODULES = YES;
				CLANG_ENABLE_OBJC_ARC = YES;
				CLANG_WARN_BOOL_CONVERSION = YES;
				CLANG_WARN_CONSTANT_CONVERSION = YES;
				CLANG_WARN_DIRECT_OBJC_ISA_USAGE = YES_ERROR;
				CLANG_WARN_DOCUMENTATION_COMMENTS = YES;
				CLANG_WARN_EMPTY_BODY = YES;
				CLANG_WARN_ENUM_CONVERSION = YES;
				CLANG_WARN_INFINITE_RECURSION = YES;
				CLANG_WARN_INT_CONVERSION = YES;
				CLANG_WARN_OBJC_ROOT_CLASS = YES_ERROR;
				CLANG_WARN_SUSPICIOUS_MOVES = YES;
				CLANG_WARN_UNREACHABLE_CODE = YES;
				CLANG_WARN__DUPLICATE_METHOD_MATCH = YES;
				"CODE_SIGN_IDENTITY[sdk=iphoneos*]" = "iPhone Developer";
				COPY_PHASE_STRIP = NO;
				DEBUG_INFORMATION_FORMAT = "dwarf-with-dsym";
				ENABLE_NS_ASSERTIONS = NO;
				ENABLE_STRICT_OBJC_MSGSEND = YES;
				GCC_C_LANGUAGE_STANDARD = gnu99;
				GCC_NO_COMMON_BLOCKS = YES;
				GCC_WARN_64_TO_32_BIT_CONVERSION = YES;
				GCC_WARN_ABOUT_RETURN_TYPE = YES_ERROR;
				GCC_WARN_UNDECLARED_SELECTOR = YES;
				GCC_WARN_UNINITIALIZED_AUTOS = YES_AGGRESSIVE;
				GCC_WARN_UNUSED_FUNCTION = YES;
				GCC_WARN_UNUSED_VARIABLE = YES;
				IPHONEOS_DEPLOYMENT_TARGET = 10.1;
				MTL_ENABLE_DEBUG_INFO = NO;
				SDKROOT = iphoneos;
				SWIFT_OPTIMIZATION_LEVEL = "-Owholemodule";
				VALIDATE_PRODUCT = YES;
			};
			name = Release;
		};
		4503C2131DF6283C000EC158 /* Debug */ = {
			isa = XCBuildConfiguration;
			baseConfigurationReference = 8DD69E75DF8CBF17E188E138 /* Pods-Caseface.debug.xcconfig */;
			buildSettings = {
				ASSETCATALOG_COMPILER_APPICON_NAME = AppIcon;
				DEVELOPMENT_TEAM = 98E8SVTQ29;
				INFOPLIST_FILE = Caseface/Info.plist;
				LD_RUNPATH_SEARCH_PATHS = "$(inherited) @executable_path/Frameworks";
				PRODUCT_BUNDLE_IDENTIFIER = com.scarpagroup.Caseface;
				PRODUCT_NAME = "$(TARGET_NAME)";
				SWIFT_VERSION = 3.0;
			};
			name = Debug;
		};
		4503C2141DF6283C000EC158 /* Release */ = {
			isa = XCBuildConfiguration;
			baseConfigurationReference = C51AC816E1DD890247A382C8 /* Pods-Caseface.release.xcconfig */;
			buildSettings = {
				ASSETCATALOG_COMPILER_APPICON_NAME = AppIcon;
				DEVELOPMENT_TEAM = 98E8SVTQ29;
				INFOPLIST_FILE = Caseface/Info.plist;
				LD_RUNPATH_SEARCH_PATHS = "$(inherited) @executable_path/Frameworks";
				PRODUCT_BUNDLE_IDENTIFIER = com.scarpagroup.Caseface;
				PRODUCT_NAME = "$(TARGET_NAME)";
				SWIFT_VERSION = 3.0;
			};
			name = Release;
		};
/* End XCBuildConfiguration section */

/* Begin XCConfigurationList section */
		4503C1FB1DF6283B000EC158 /* Build configuration list for PBXProject "Caseface" */ = {
			isa = XCConfigurationList;
			buildConfigurations = (
				4503C2101DF6283C000EC158 /* Debug */,
				4503C2111DF6283C000EC158 /* Release */,
			);
			defaultConfigurationIsVisible = 0;
			defaultConfigurationName = Release;
		};
		4503C2121DF6283C000EC158 /* Build configuration list for PBXNativeTarget "Caseface" */ = {
			isa = XCConfigurationList;
			buildConfigurations = (
				4503C2131DF6283C000EC158 /* Debug */,
				4503C2141DF6283C000EC158 /* Release */,
			);
			defaultConfigurationIsVisible = 0;
			defaultConfigurationName = Release;
		};
/* End XCConfigurationList section */
	};
	rootObject = 4503C1F81DF6283B000EC158 /* Project object */;
}
